// !$*UTF8*$!
{
	archiveVersion = 1;
	classes = {
	};
	objectVersion = 50;
	objects = {

/* Begin PBXBuildFile section */
		84F3E0692566C1FE00206212 /* AppDelegate.swift in Sources */ = {isa = PBXBuildFile; fileRef = 84F3E0682566C1FE00206212 /* AppDelegate.swift */; };
		84F3E06B2566C1FE00206212 /* SceneDelegate.swift in Sources */ = {isa = PBXBuildFile; fileRef = 84F3E06A2566C1FE00206212 /* SceneDelegate.swift */; };
		84F3E06D2566C1FE00206212 /* ViewController.swift in Sources */ = {isa = PBXBuildFile; fileRef = 84F3E06C2566C1FE00206212 /* ViewController.swift */; };
		84F3E0702566C1FE00206212 /* Main.storyboard in Resources */ = {isa = PBXBuildFile; fileRef = 84F3E06E2566C1FE00206212 /* Main.storyboard */; };
		84F3E0722566C20100206212 /* Assets.xcassets in Resources */ = {isa = PBXBuildFile; fileRef = 84F3E0712566C20100206212 /* Assets.xcassets */; };
		84F3E0752566C20100206212 /* LaunchScreen.storyboard in Resources */ = {isa = PBXBuildFile; fileRef = 84F3E0732566C20100206212 /* LaunchScreen.storyboard */; };
		84F3E0802566C20100206212 /* homework31Tests.swift in Sources */ = {isa = PBXBuildFile; fileRef = 84F3E07F2566C20100206212 /* homework31Tests.swift */; };
		84F3E08B2566C20100206212 /* homework31UITests.swift in Sources */ = {isa = PBXBuildFile; fileRef = 84F3E08A2566C20100206212 /* homework31UITests.swift */; };
/* End PBXBuildFile section */

/* Begin PBXContainerItemProxy section */
		84F3E07C2566C20100206212 /* PBXContainerItemProxy */ = {
			isa = PBXContainerItemProxy;
			containerPortal = 84F3E05D2566C1FE00206212 /* Project object */;
			proxyType = 1;
			remoteGlobalIDString = 84F3E0642566C1FE00206212;
			remoteInfo = homework31;
		};
		84F3E0872566C20100206212 /* PBXContainerItemProxy */ = {
			isa = PBXContainerItemProxy;
			containerPortal = 84F3E05D2566C1FE00206212 /* Project object */;
			proxyType = 1;
			remoteGlobalIDString = 84F3E0642566C1FE00206212;
			remoteInfo = homework31;
		};
/* End PBXContainerItemProxy section */

/* Begin PBXFileReference section */
		84F3E0652566C1FE00206212 /* homework31.app */ = {isa = PBXFileReference; explicitFileType = wrapper.application; includeInIndex = 0; path = homework31.app; sourceTree = BUILT_PRODUCTS_DIR; };
		84F3E0682566C1FE00206212 /* AppDelegate.swift */ = {isa = PBXFileReference; lastKnownFileType = sourcecode.swift; path = AppDelegate.swift; sourceTree = "<group>"; };
		84F3E06A2566C1FE00206212 /* SceneDelegate.swift */ = {isa = PBXFileReference; lastKnownFileType = sourcecode.swift; path = SceneDelegate.swift; sourceTree = "<group>"; };
		84F3E06C2566C1FE00206212 /* ViewController.swift */ = {isa = PBXFileReference; lastKnownFileType = sourcecode.swift; path = ViewController.swift; sourceTree = "<group>"; };
		84F3E06F2566C1FE00206212 /* Base */ = {isa = PBXFileReference; lastKnownFileType = file.storyboard; name = Base; path = Base.lproj/Main.storyboard; sourceTree = "<group>"; };
		84F3E0712566C20100206212 /* Assets.xcassets */ = {isa = PBXFileReference; lastKnownFileType = folder.assetcatalog; path = Assets.xcassets; sourceTree = "<group>"; };
		84F3E0742566C20100206212 /* Base */ = {isa = PBXFileReference; lastKnownFileType = file.storyboard; name = Base; path = Base.lproj/LaunchScreen.storyboard; sourceTree = "<group>"; };
		84F3E0762566C20100206212 /* Info.plist */ = {isa = PBXFileReference; lastKnownFileType = text.plist.xml; path = Info.plist; sourceTree = "<group>"; };
		84F3E07B2566C20100206212 /* homework31Tests.xctest */ = {isa = PBXFileReference; explicitFileType = wrapper.cfbundle; includeInIndex = 0; path = homework31Tests.xctest; sourceTree = BUILT_PRODUCTS_DIR; };
		84F3E07F2566C20100206212 /* homework31Tests.swift */ = {isa = PBXFileReference; lastKnownFileType = sourcecode.swift; path = homework31Tests.swift; sourceTree = "<group>"; };
		84F3E0812566C20100206212 /* Info.plist */ = {isa = PBXFileReference; lastKnownFileType = text.plist.xml; path = Info.plist; sourceTree = "<group>"; };
		84F3E0862566C20100206212 /* homework31UITests.xctest */ = {isa = PBXFileReference; explicitFileType = wrapper.cfbundle; includeInIndex = 0; path = homework31UITests.xctest; sourceTree = BUILT_PRODUCTS_DIR; };
		84F3E08A2566C20100206212 /* homework31UITests.swift */ = {isa = PBXFileReference; lastKnownFileType = sourcecode.swift; path = homework31UITests.swift; sourceTree = "<group>"; };
		84F3E08C2566C20100206212 /* Info.plist */ = {isa = PBXFileReference; lastKnownFileType = text.plist.xml; path = Info.plist; sourceTree = "<group>"; };
/* End PBXFileReference section */

/* Begin PBXFrameworksBuildPhase section */
		84F3E0622566C1FE00206212 /* Frameworks */ = {
			isa = PBXFrameworksBuildPhase;
			buildActionMask = 2147483647;
			files = (
			);
			runOnlyForDeploymentPostprocessing = 0;
		};
		84F3E0782566C20100206212 /* Frameworks */ = {
			isa = PBXFrameworksBuildPhase;
			buildActionMask = 2147483647;
			files = (
			);
			runOnlyForDeploymentPostprocessing = 0;
		};
		84F3E0832566C20100206212 /* Frameworks */ = {
			isa = PBXFrameworksBuildPhase;
			buildActionMask = 2147483647;
			files = (
			);
			runOnlyForDeploymentPostprocessing = 0;
		};
/* End PBXFrameworksBuildPhase section */

/* Begin PBXGroup section */
		84F3E05C2566C1FE00206212 = {
			isa = PBXGroup;
			children = (
				84F3E0672566C1FE00206212 /* homework31 */,
				84F3E07E2566C20100206212 /* homework31Tests */,
				84F3E0892566C20100206212 /* homework31UITests */,
				84F3E0662566C1FE00206212 /* Products */,
			);
			sourceTree = "<group>";
		};
		84F3E0662566C1FE00206212 /* Products */ = {
			isa = PBXGroup;
			children = (
				84F3E0652566C1FE00206212 /* homework31.app */,
				84F3E07B2566C20100206212 /* homework31Tests.xctest */,
				84F3E0862566C20100206212 /* homework31UITests.xctest */,
			);
			name = Products;
			sourceTree = "<group>";
		};
		84F3E0672566C1FE00206212 /* homework31 */ = {
			isa = PBXGroup;
			children = (
				84F3E0682566C1FE00206212 /* AppDelegate.swift */,
				84F3E06A2566C1FE00206212 /* SceneDelegate.swift */,
				84F3E06C2566C1FE00206212 /* ViewController.swift */,
				84F3E06E2566C1FE00206212 /* Main.storyboard */,
				84F3E0712566C20100206212 /* Assets.xcassets */,
				84F3E0732566C20100206212 /* LaunchScreen.storyboard */,
				84F3E0762566C20100206212 /* Info.plist */,
			);
			path = homework31;
			sourceTree = "<group>";
		};
		84F3E07E2566C20100206212 /* homework31Tests */ = {
			isa = PBXGroup;
			children = (
				84F3E07F2566C20100206212 /* homework31Tests.swift */,
				84F3E0812566C20100206212 /* Info.plist */,
			);
			path = homework31Tests;
			sourceTree = "<group>";
		};
		84F3E0892566C20100206212 /* homework31UITests */ = {
			isa = PBXGroup;
			children = (
				84F3E08A2566C20100206212 /* homework31UITests.swift */,
				84F3E08C2566C20100206212 /* Info.plist */,
			);
			path = homework31UITests;
			sourceTree = "<group>";
		};
/* End PBXGroup section */

/* Begin PBXNativeTarget section */
		84F3E0642566C1FE00206212 /* homework31 */ = {
			isa = PBXNativeTarget;
			buildConfigurationList = 84F3E08F2566C20100206212 /* Build configuration list for PBXNativeTarget "homework31" */;
			buildPhases = (
				84F3E0612566C1FE00206212 /* Sources */,
				84F3E0622566C1FE00206212 /* Frameworks */,
				84F3E0632566C1FE00206212 /* Resources */,
			);
			buildRules = (
			);
			dependencies = (
			);
			name = homework31;
			productName = homework31;
			productReference = 84F3E0652566C1FE00206212 /* homework31.app */;
			productType = "com.apple.product-type.application";
		};
		84F3E07A2566C20100206212 /* homework31Tests */ = {
			isa = PBXNativeTarget;
			buildConfigurationList = 84F3E0922566C20100206212 /* Build configuration list for PBXNativeTarget "homework31Tests" */;
			buildPhases = (
				84F3E0772566C20100206212 /* Sources */,
				84F3E0782566C20100206212 /* Frameworks */,
				84F3E0792566C20100206212 /* Resources */,
			);
			buildRules = (
			);
			dependencies = (
				84F3E07D2566C20100206212 /* PBXTargetDependency */,
			);
			name = homework31Tests;
			productName = homework31Tests;
			productReference = 84F3E07B2566C20100206212 /* homework31Tests.xctest */;
			productType = "com.apple.product-type.bundle.unit-test";
		};
		84F3E0852566C20100206212 /* homework31UITests */ = {
			isa = PBXNativeTarget;
			buildConfigurationList = 84F3E0952566C20100206212 /* Build configuration list for PBXNativeTarget "homework31UITests" */;
			buildPhases = (
				84F3E0822566C20100206212 /* Sources */,
				84F3E0832566C20100206212 /* Frameworks */,
				84F3E0842566C20100206212 /* Resources */,
			);
			buildRules = (
			);
			dependencies = (
				84F3E0882566C20100206212 /* PBXTargetDependency */,
			);
			name = homework31UITests;
			productName = homework31UITests;
			productReference = 84F3E0862566C20100206212 /* homework31UITests.xctest */;
			productType = "com.apple.product-type.bundle.ui-testing";
		};
/* End PBXNativeTarget section */

/* Begin PBXProject section */
		84F3E05D2566C1FE00206212 /* Project object */ = {
			isa = PBXProject;
			attributes = {
				LastSwiftUpdateCheck = 1170;
				LastUpgradeCheck = 1170;
				ORGANIZATIONNAME = Admin;
				TargetAttributes = {
					84F3E0642566C1FE00206212 = {
						CreatedOnToolsVersion = 11.7;
					};
					84F3E07A2566C20100206212 = {
						CreatedOnToolsVersion = 11.7;
						TestTargetID = 84F3E0642566C1FE00206212;
					};
					84F3E0852566C20100206212 = {
						CreatedOnToolsVersion = 11.7;
						TestTargetID = 84F3E0642566C1FE00206212;
					};
				};
			};
			buildConfigurationList = 84F3E0602566C1FE00206212 /* Build configuration list for PBXProject "homework31" */;
			compatibilityVersion = "Xcode 9.3";
			developmentRegion = en;
			hasScannedForEncodings = 0;
			knownRegions = (
				en,
				Base,
			);
			mainGroup = 84F3E05C2566C1FE00206212;
			productRefGroup = 84F3E0662566C1FE00206212 /* Products */;
			projectDirPath = "";
			projectRoot = "";
			targets = (
				84F3E0642566C1FE00206212 /* homework31 */,
				84F3E07A2566C20100206212 /* homework31Tests */,
				84F3E0852566C20100206212 /* homework31UITests */,
			);
		};
/* End PBXProject section */

/* Begin PBXResourcesBuildPhase section */
		84F3E0632566C1FE00206212 /* Resources */ = {
			isa = PBXResourcesBuildPhase;
			buildActionMask = 2147483647;
			files = (
				84F3E0752566C20100206212 /* LaunchScreen.storyboard in Resources */,
				84F3E0722566C20100206212 /* Assets.xcassets in Resources */,
				84F3E0702566C1FE00206212 /* Main.storyboard in Resources */,
			);
			runOnlyForDeploymentPostprocessing = 0;
		};
		84F3E0792566C20100206212 /* Resources */ = {
			isa = PBXResourcesBuildPhase;
			buildActionMask = 2147483647;
			files = (
			);
			runOnlyForDeploymentPostprocessing = 0;
		};
		84F3E0842566C20100206212 /* Resources */ = {
			isa = PBXResourcesBuildPhase;
			buildActionMask = 2147483647;
			files = (
			);
			runOnlyForDeploymentPostprocessing = 0;
		};
/* End PBXResourcesBuildPhase section */

/* Begin PBXSourcesBuildPhase section */
		84F3E0612566C1FE00206212 /* Sources */ = {
			isa = PBXSourcesBuildPhase;
			buildActionMask = 2147483647;
			files = (
				84F3E06D2566C1FE00206212 /* ViewController.swift in Sources */,
				84F3E0692566C1FE00206212 /* AppDelegate.swift in Sources */,
				84F3E06B2566C1FE00206212 /* SceneDelegate.swift in Sources */,
			);
			runOnlyForDeploymentPostprocessing = 0;
		};
		84F3E0772566C20100206212 /* Sources */ = {
			isa = PBXSourcesBuildPhase;
			buildActionMask = 2147483647;
			files = (
				84F3E0802566C20100206212 /* homework31Tests.swift in Sources */,
			);
			runOnlyForDeploymentPostprocessing = 0;
		};
		84F3E0822566C20100206212 /* Sources */ = {
			isa = PBXSourcesBuildPhase;
			buildActionMask = 2147483647;
			files = (
				84F3E08B2566C20100206212 /* homework31UITests.swift in Sources */,
			);
			runOnlyForDeploymentPostprocessing = 0;
		};
/* End PBXSourcesBuildPhase section */

/* Begin PBXTargetDependency section */
		84F3E07D2566C20100206212 /* PBXTargetDependency */ = {
			isa = PBXTargetDependency;
			target = 84F3E0642566C1FE00206212 /* homework31 */;
			targetProxy = 84F3E07C2566C20100206212 /* PBXContainerItemProxy */;
		};
		84F3E0882566C20100206212 /* PBXTargetDependency */ = {
			isa = PBXTargetDependency;
			target = 84F3E0642566C1FE00206212 /* homework31 */;
			targetProxy = 84F3E0872566C20100206212 /* PBXContainerItemProxy */;
		};
/* End PBXTargetDependency section */

/* Begin PBXVariantGroup section */
		84F3E06E2566C1FE00206212 /* Main.storyboard */ = {
			isa = PBXVariantGroup;
			children = (
				84F3E06F2566C1FE00206212 /* Base */,
			);
			name = Main.storyboard;
			sourceTree = "<group>";
		};
		84F3E0732566C20100206212 /* LaunchScreen.storyboard */ = {
			isa = PBXVariantGroup;
			children = (
				84F3E0742566C20100206212 /* Base */,
			);
			name = LaunchScreen.storyboard;
			sourceTree = "<group>";
		};
/* End PBXVariantGroup section */

/* Begin XCBuildConfiguration section */
		84F3E08D2566C20100206212 /* Debug */ = {
			isa = XCBuildConfiguration;
			buildSettings = {
				ALWAYS_SEARCH_USER_PATHS = NO;
				CLANG_ANALYZER_NONNULL = YES;
				CLANG_ANALYZER_NUMBER_OBJECT_CONVERSION = YES_AGGRESSIVE;
				CLANG_CXX_LANGUAGE_STANDARD = "gnu++14";
				CLANG_CXX_LIBRARY = "libc++";
				CLANG_ENABLE_MODULES = YES;
				CLANG_ENABLE_OBJC_ARC = YES;
				CLANG_ENABLE_OBJC_WEAK = YES;
				CLANG_WARN_BLOCK_CAPTURE_AUTORELEASING = YES;
				CLANG_WARN_BOOL_CONVERSION = YES;
				CLANG_WARN_COMMA = YES;
				CLANG_WARN_CONSTANT_CONVERSION = YES;
				CLANG_WARN_DEPRECATED_OBJC_IMPLEMENTATIONS = YES;
				CLANG_WARN_DIRECT_OBJC_ISA_USAGE = YES_ERROR;
				CLANG_WARN_DOCUMENTATION_COMMENTS = YES;
				CLANG_WARN_EMPTY_BODY = YES;
				CLANG_WARN_ENUM_CONVERSION = YES;
				CLANG_WARN_INFINITE_RECURSION = YES;
				CLANG_WARN_INT_CONVERSION = YES;
				CLANG_WARN_NON_LITERAL_NULL_CONVERSION = YES;
				CLANG_WARN_OBJC_IMPLICIT_RETAIN_SELF = YES;
				CLANG_WARN_OBJC_LITERAL_CONVERSION = YES;
				CLANG_WARN_OBJC_ROOT_CLASS = YES_ERROR;
				CLANG_WARN_RANGE_LOOP_ANALYSIS = YES;
				CLANG_WARN_STRICT_PROTOTYPES = YES;
				CLANG_WARN_SUSPICIOUS_MOVE = YES;
				CLANG_WARN_UNGUARDED_AVAILABILITY = YES_AGGRESSIVE;
				CLANG_WARN_UNREACHABLE_CODE = YES;
				CLANG_WARN__DUPLICATE_METHOD_MATCH = YES;
				COPY_PHASE_STRIP = NO;
				DEBUG_INFORMATION_FORMAT = dwarf;
				ENABLE_STRICT_OBJC_MSGSEND = YES;
				ENABLE_TESTABILITY = YES;
				GCC_C_LANGUAGE_STANDARD = gnu11;
				GCC_DYNAMIC_NO_PIC = NO;
				GCC_NO_COMMON_BLOCKS = YES;
				GCC_OPTIMIZATION_LEVEL = 0;
				GCC_PREPROCESSOR_DEFINITIONS = (
					"DEBUG=1",
					"$(inherited)",
				);
				GCC_WARN_64_TO_32_BIT_CONVERSION = YES;
				GCC_WARN_ABOUT_RETURN_TYPE = YES_ERROR;
				GCC_WARN_UNDECLARED_SELECTOR = YES;
				GCC_WARN_UNINITIALIZED_AUTOS = YES_AGGRESSIVE;
				GCC_WARN_UNUSED_FUNCTION = YES;
				GCC_WARN_UNUSED_VARIABLE = YES;
				IPHONEOS_DEPLOYMENT_TARGET = 13.7;
				MTL_ENABLE_DEBUG_INFO = INCLUDE_SOURCE;
				MTL_FAST_MATH = YES;
				ONLY_ACTIVE_ARCH = YES;
				SDKROOT = iphoneos;
				SWIFT_ACTIVE_COMPILATION_CONDITIONS = DEBUG;
				SWIFT_OPTIMIZATION_LEVEL = "-Onone";
			};
			name = Debug;
		};
		84F3E08E2566C20100206212 /* Release */ = {
			isa = XCBuildConfiguration;
			buildSettings = {
				ALWAYS_SEARCH_USER_PATHS = NO;
				CLANG_ANALYZER_NONNULL = YES;
				CLANG_ANALYZER_NUMBER_OBJECT_CONVERSION = YES_AGGRESSIVE;
				CLANG_CXX_LANGUAGE_STANDARD = "gnu++14";
				CLANG_CXX_LIBRARY = "libc++";
				CLANG_ENABLE_MODULES = YES;
				CLANG_ENABLE_OBJC_ARC = YES;
				CLANG_ENABLE_OBJC_WEAK = YES;
				CLANG_WARN_BLOCK_CAPTURE_AUTORELEASING = YES;
				CLANG_WARN_BOOL_CONVERSION = YES;
				CLANG_WARN_COMMA = YES;
				CLANG_WARN_CONSTANT_CONVERSION = YES;
				CLANG_WARN_DEPRECATED_OBJC_IMPLEMENTATIONS = YES;
				CLANG_WARN_DIRECT_OBJC_ISA_USAGE = YES_ERROR;
				CLANG_WARN_DOCUMENTATION_COMMENTS = YES;
				CLANG_WARN_EMPTY_BODY = YES;
				CLANG_WARN_ENUM_CONVERSION = YES;
				CLANG_WARN_INFINITE_RECURSION = YES;
				CLANG_WARN_INT_CONVERSION = YES;
				CLANG_WARN_NON_LITERAL_NULL_CONVERSION = YES;
				CLANG_WARN_OBJC_IMPLICIT_RETAIN_SELF = YES;
				CLANG_WARN_OBJC_LITERAL_CONVERSION = YES;
				CLANG_WARN_OBJC_ROOT_CLASS = YES_ERROR;
				CLANG_WARN_RANGE_LOOP_ANALYSIS = YES;
				CLANG_WARN_STRICT_PROTOTYPES = YES;
				CLANG_WARN_SUSPICIOUS_MOVE = YES;
				CLANG_WARN_UNGUARDED_AVAILABILITY = YES_AGGRESSIVE;
				CLANG_WARN_UNREACHABLE_CODE = YES;
				CLANG_WARN__DUPLICATE_METHOD_MATCH = YES;
				COPY_PHASE_STRIP = NO;
				DEBUG_INFORMATION_FORMAT = "dwarf-with-dsym";
				ENABLE_NS_ASSERTIONS = NO;
				ENABLE_STRICT_OBJC_MSGSEND = YES;
				GCC_C_LANGUAGE_STANDARD = gnu11;
				GCC_NO_COMMON_BLOCKS = YES;
				GCC_WARN_64_TO_32_BIT_CONVERSION = YES;
				GCC_WARN_ABOUT_RETURN_TYPE = YES_ERROR;
				GCC_WARN_UNDECLARED_SELECTOR = YES;
				GCC_WARN_UNINITIALIZED_AUTOS = YES_AGGRESSIVE;
				GCC_WARN_UNUSED_FUNCTION = YES;
				GCC_WARN_UNUSED_VARIABLE = YES;
				IPHONEOS_DEPLOYMENT_TARGET = 13.7;
				MTL_ENABLE_DEBUG_INFO = NO;
				MTL_FAST_MATH = YES;
				SDKROOT = iphoneos;
				SWIFT_COMPILATION_MODE = wholemodule;
				SWIFT_OPTIMIZATION_LEVEL = "-O";
				VALIDATE_PRODUCT = YES;
			};
			name = Release;
		};
		84F3E0902566C20100206212 /* Debug */ = {
			isa = XCBuildConfiguration;
			buildSettings = {
				ASSETCATALOG_COMPILER_APPICON_NAME = AppIcon;
				CODE_SIGN_STYLE = Automatic;
				INFOPLIST_FILE = homework31/Info.plist;
				LD_RUNPATH_SEARCH_PATHS = (
					"$(inherited)",
					"@executable_path/Frameworks",
				);
				PRODUCT_BUNDLE_IDENTIFIER = kach.homework31;
				PRODUCT_NAME = "$(TARGET_NAME)";
				SWIFT_VERSION = 5.0;
				TARGETED_DEVICE_FAMILY = "1,2";
			};
			name = Debug;
		};
		84F3E0912566C20100206212 /* Release */ = {
			isa = XCBuildConfiguration;
			buildSettings = {
				ASSETCATALOG_COMPILER_APPICON_NAME = AppIcon;
				CODE_SIGN_STYLE = Automatic;
				INFOPLIST_FILE = homework31/Info.plist;
				LD_RUNPATH_SEARCH_PATHS = (
					"$(inherited)",
					"@executable_path/Frameworks",
				);
				PRODUCT_BUNDLE_IDENTIFIER = kach.homework31;
				PRODUCT_NAME = "$(TARGET_NAME)";
				SWIFT_VERSION = 5.0;
				TARGETED_DEVICE_FAMILY = "1,2";
			};
			name = Release;
		};
		84F3E0932566C20100206212 /* Debug */ = {
			isa = XCBuildConfiguration;
			buildSettings = {
				ALWAYS_EMBED_SWIFT_STANDARD_LIBRARIES = YES;
				BUNDLE_LOADER = "$(TEST_HOST)";
				CODE_SIGN_STYLE = Automatic;
				INFOPLIST_FILE = homework31Tests/Info.plist;
				IPHONEOS_DEPLOYMENT_TARGET = 13.7;
				LD_RUNPATH_SEARCH_PATHS = (
					"$(inherited)",
					"@executable_path/Frameworks",
					"@loader_path/Frameworks",
				);
				PRODUCT_BUNDLE_IDENTIFIER = kach.homework31Tests;
				PRODUCT_NAME = "$(TARGET_NAME)";
				SWIFT_VERSION = 5.0;
				TARGETED_DEVICE_FAMILY = "1,2";
				TEST_HOST = "$(BUILT_PRODUCTS_DIR)/homework31.app/homework31";
			};
			name = Debug;
		};
		84F3E0942566C20100206212 /* Release */ = {
			isa = XCBuildConfiguration;
			buildSettings = {
				ALWAYS_EMBED_SWIFT_STANDARD_LIBRARIES = YES;
				BUNDLE_LOADER = "$(TEST_HOST)";
				CODE_SIGN_STYLE = Automatic;
				INFOPLIST_FILE = homework31Tests/Info.plist;
				IPHONEOS_DEPLOYMENT_TARGET = 13.7;
				LD_RUNPATH_SEARCH_PATHS = (
					"$(inherited)",
					"@executable_path/Frameworks",
					"@loader_path/Frameworks",
				);
				PRODUCT_BUNDLE_IDENTIFIER = kach.homework31Tests;
				PRODUCT_NAME = "$(TARGET_NAME)";
				SWIFT_VERSION = 5.0;
				TARGETED_DEVICE_FAMILY = "1,2";
				TEST_HOST = "$(BUILT_PRODUCTS_DIR)/homework31.app/homework31";
			};
			name = Release;
		};
		84F3E0962566C20100206212 /* Debug */ = {
			isa = XCBuildConfiguration;
			buildSettings = {
				ALWAYS_EMBED_SWIFT_STANDARD_LIBRARIES = YES;
				CODE_SIGN_STYLE = Automatic;
				INFOPLIST_FILE = homework31UITests/Info.plist;
				LD_RUNPATH_SEARCH_PATHS = (
					"$(inherited)",
					"@executable_path/Frameworks",
					"@loader_path/Frameworks",
				);
				PRODUCT_BUNDLE_IDENTIFIER = kach.homework31UITests;
				PRODUCT_NAME = "$(TARGET_NAME)";
				SWIFT_VERSION = 5.0;
				TARGETED_DEVICE_FAMILY = "1,2";
				TEST_TARGET_NAME = homework31;
			};
			name = Debug;
		};
		84F3E0972566C20100206212 /* Release */ = {
			isa = XCBuildConfiguration;
			buildSettings = {
				ALWAYS_EMBED_SWIFT_STANDARD_LIBRARIES = YES;
				CODE_SIGN_STYLE = Automatic;
				INFOPLIST_FILE = homework31UITests/Info.plist;
				LD_RUNPATH_SEARCH_PATHS = (
					"$(inherited)",
					"@executable_path/Frameworks",
					"@loader_path/Frameworks",
				);
				PRODUCT_BUNDLE_IDENTIFIER = kach.homework31UITests;
				PRODUCT_NAME = "$(TARGET_NAME)";
				SWIFT_VERSION = 5.0;
				TARGETED_DEVICE_FAMILY = "1,2";
				TEST_TARGET_NAME = homework31;
			};
			name = Release;
		};
/* End XCBuildConfiguration section */

/* Begin XCConfigurationList section */
		84F3E0602566C1FE00206212 /* Build configuration list for PBXProject "homework31" */ = {
			isa = XCConfigurationList;
			buildConfigurations = (
				84F3E08D2566C20100206212 /* Debug */,
				84F3E08E2566C20100206212 /* Release */,
			);
			defaultConfigurationIsVisible = 0;
			defaultConfigurationName = Release;
		};
		84F3E08F2566C20100206212 /* Build configuration list for PBXNativeTarget "homework31" */ = {
			isa = XCConfigurationList;
			buildConfigurations = (
				84F3E0902566C20100206212 /* Debug */,
				84F3E0912566C20100206212 /* Release */,
			);
			defaultConfigurationIsVisible = 0;
			defaultConfigurationName = Release;
		};
		84F3E0922566C20100206212 /* Build configuration list for PBXNativeTarget "homework31Tests" */ = {
			isa = XCConfigurationList;
			buildConfigurations = (
				84F3E0932566C20100206212 /* Debug */,
				84F3E0942566C20100206212 /* Release */,
			);
			defaultConfigurationIsVisible = 0;
			defaultConfigurationName = Release;
		};
		84F3E0952566C20100206212 /* Build configuration list for PBXNativeTarget "homework31UITests" */ = {
			isa = XCConfigurationList;
			buildConfigurations = (
				84F3E0962566C20100206212 /* Debug */,
				84F3E0972566C20100206212 /* Release */,
			);
			defaultConfigurationIsVisible = 0;
			defaultConfigurationName = Release;
		};
/* End XCConfigurationList section */
	};
	rootObject = 84F3E05D2566C1FE00206212 /* Project object */;
}
